// !$*UTF8*$!
{
	archiveVersion = 1;
	classes = {
	};
	objectVersion = 50;
	objects = {

/* Begin PBXBuildFile section */
		6B9C6E51247A19A50098C63F /* AppDelegate.swift in Sources */ = {isa = PBXBuildFile; fileRef = 6B9C6E50247A19A50098C63F /* AppDelegate.swift */; };
		6B9C6E53247A19A50098C63F /* SceneDelegate.swift in Sources */ = {isa = PBXBuildFile; fileRef = 6B9C6E52247A19A50098C63F /* SceneDelegate.swift */; };
		6B9C6E56247A19A50098C63F /* GuessTheFlag.xcdatamodeld in Sources */ = {isa = PBXBuildFile; fileRef = 6B9C6E54247A19A50098C63F /* GuessTheFlag.xcdatamodeld */; };
		6B9C6E58247A19A50098C63F /* ContentView.swift in Sources */ = {isa = PBXBuildFile; fileRef = 6B9C6E57247A19A50098C63F /* ContentView.swift */; };
		6B9C6E5A247A19A70098C63F /* Assets.xcassets in Resources */ = {isa = PBXBuildFile; fileRef = 6B9C6E59247A19A70098C63F /* Assets.xcassets */; };
		6B9C6E5D247A19A70098C63F /* Preview Assets.xcassets in Resources */ = {isa = PBXBuildFile; fileRef = 6B9C6E5C247A19A70098C63F /* Preview Assets.xcassets */; };
		6B9C6E60247A19A70098C63F /* LaunchScreen.storyboard in Resources */ = {isa = PBXBuildFile; fileRef = 6B9C6E5E247A19A70098C63F /* LaunchScreen.storyboard */; };
		6B9C6E6B247A19A70098C63F /* GuessTheFlagTests.swift in Sources */ = {isa = PBXBuildFile; fileRef = 6B9C6E6A247A19A70098C63F /* GuessTheFlagTests.swift */; };
		6B9C6E76247A19A70098C63F /* GuessTheFlagUITests.swift in Sources */ = {isa = PBXBuildFile; fileRef = 6B9C6E75247A19A70098C63F /* GuessTheFlagUITests.swift */; };
/* End PBXBuildFile section */

/* Begin PBXContainerItemProxy section */
		6B9C6E67247A19A70098C63F /* PBXContainerItemProxy */ = {
			isa = PBXContainerItemProxy;
			containerPortal = 6B9C6E45247A19A50098C63F /* Project object */;
			proxyType = 1;
			remoteGlobalIDString = 6B9C6E4C247A19A50098C63F;
			remoteInfo = GuessTheFlag;
		};
		6B9C6E72247A19A70098C63F /* PBXContainerItemProxy */ = {
			isa = PBXContainerItemProxy;
			containerPortal = 6B9C6E45247A19A50098C63F /* Project object */;
			proxyType = 1;
			remoteGlobalIDString = 6B9C6E4C247A19A50098C63F;
			remoteInfo = GuessTheFlag;
		};
/* End PBXContainerItemProxy section */

/* Begin PBXFileReference section */
		6B9C6E4D247A19A50098C63F /* GuessTheFlag.app */ = {isa = PBXFileReference; explicitFileType = wrapper.application; includeInIndex = 0; path = GuessTheFlag.app; sourceTree = BUILT_PRODUCTS_DIR; };
		6B9C6E50247A19A50098C63F /* AppDelegate.swift */ = {isa = PBXFileReference; lastKnownFileType = sourcecode.swift; path = AppDelegate.swift; sourceTree = "<group>"; };
		6B9C6E52247A19A50098C63F /* SceneDelegate.swift */ = {isa = PBXFileReference; lastKnownFileType = sourcecode.swift; path = SceneDelegate.swift; sourceTree = "<group>"; };
		6B9C6E55247A19A50098C63F /* GuessTheFlag.xcdatamodel */ = {isa = PBXFileReference; lastKnownFileType = wrapper.xcdatamodel; path = GuessTheFlag.xcdatamodel; sourceTree = "<group>"; };
		6B9C6E57247A19A50098C63F /* ContentView.swift */ = {isa = PBXFileReference; lastKnownFileType = sourcecode.swift; path = ContentView.swift; sourceTree = "<group>"; };
		6B9C6E59247A19A70098C63F /* Assets.xcassets */ = {isa = PBXFileReference; lastKnownFileType = folder.assetcatalog; path = Assets.xcassets; sourceTree = "<group>"; };
		6B9C6E5C247A19A70098C63F /* Preview Assets.xcassets */ = {isa = PBXFileReference; lastKnownFileType = folder.assetcatalog; path = "Preview Assets.xcassets"; sourceTree = "<group>"; };
		6B9C6E5F247A19A70098C63F /* Base */ = {isa = PBXFileReference; lastKnownFileType = file.storyboard; name = Base; path = Base.lproj/LaunchScreen.storyboard; sourceTree = "<group>"; };
		6B9C6E61247A19A70098C63F /* Info.plist */ = {isa = PBXFileReference; lastKnownFileType = text.plist.xml; path = Info.plist; sourceTree = "<group>"; };
		6B9C6E66247A19A70098C63F /* GuessTheFlagTests.xctest */ = {isa = PBXFileReference; explicitFileType = wrapper.cfbundle; includeInIndex = 0; path = GuessTheFlagTests.xctest; sourceTree = BUILT_PRODUCTS_DIR; };
		6B9C6E6A247A19A70098C63F /* GuessTheFlagTests.swift */ = {isa = PBXFileReference; lastKnownFileType = sourcecode.swift; path = GuessTheFlagTests.swift; sourceTree = "<group>"; };
		6B9C6E6C247A19A70098C63F /* Info.plist */ = {isa = PBXFileReference; lastKnownFileType = text.plist.xml; path = Info.plist; sourceTree = "<group>"; };
		6B9C6E71247A19A70098C63F /* GuessTheFlagUITests.xctest */ = {isa = PBXFileReference; explicitFileType = wrapper.cfbundle; includeInIndex = 0; path = GuessTheFlagUITests.xctest; sourceTree = BUILT_PRODUCTS_DIR; };
		6B9C6E75247A19A70098C63F /* GuessTheFlagUITests.swift */ = {isa = PBXFileReference; lastKnownFileType = sourcecode.swift; path = GuessTheFlagUITests.swift; sourceTree = "<group>"; };
		6B9C6E77247A19A70098C63F /* Info.plist */ = {isa = PBXFileReference; lastKnownFileType = text.plist.xml; path = Info.plist; sourceTree = "<group>"; };
/* End PBXFileReference section */

/* Begin PBXFrameworksBuildPhase section */
		6B9C6E4A247A19A50098C63F /* Frameworks */ = {
			isa = PBXFrameworksBuildPhase;
			buildActionMask = 2147483647;
			files = (
			);
			runOnlyForDeploymentPostprocessing = 0;
		};
		6B9C6E63247A19A70098C63F /* Frameworks */ = {
			isa = PBXFrameworksBuildPhase;
			buildActionMask = 2147483647;
			files = (
			);
			runOnlyForDeploymentPostprocessing = 0;
		};
		6B9C6E6E247A19A70098C63F /* Frameworks */ = {
			isa = PBXFrameworksBuildPhase;
			buildActionMask = 2147483647;
			files = (
			);
			runOnlyForDeploymentPostprocessing = 0;
		};
/* End PBXFrameworksBuildPhase section */

/* Begin PBXGroup section */
		6B9C6E44247A19A50098C63F = {
			isa = PBXGroup;
			children = (
				6B9C6E4F247A19A50098C63F /* GuessTheFlag */,
				6B9C6E69247A19A70098C63F /* GuessTheFlagTests */,
				6B9C6E74247A19A70098C63F /* GuessTheFlagUITests */,
				6B9C6E4E247A19A50098C63F /* Products */,
			);
			sourceTree = "<group>";
		};
		6B9C6E4E247A19A50098C63F /* Products */ = {
			isa = PBXGroup;
			children = (
				6B9C6E4D247A19A50098C63F /* GuessTheFlag.app */,
				6B9C6E66247A19A70098C63F /* GuessTheFlagTests.xctest */,
				6B9C6E71247A19A70098C63F /* GuessTheFlagUITests.xctest */,
			);
			name = Products;
			sourceTree = "<group>";
		};
		6B9C6E4F247A19A50098C63F /* GuessTheFlag */ = {
			isa = PBXGroup;
			children = (
				6B9C6E50247A19A50098C63F /* AppDelegate.swift */,
				6B9C6E52247A19A50098C63F /* SceneDelegate.swift */,
				6B9C6E57247A19A50098C63F /* ContentView.swift */,
				6B9C6E59247A19A70098C63F /* Assets.xcassets */,
				6B9C6E5E247A19A70098C63F /* LaunchScreen.storyboard */,
				6B9C6E61247A19A70098C63F /* Info.plist */,
				6B9C6E54247A19A50098C63F /* GuessTheFlag.xcdatamodeld */,
				6B9C6E5B247A19A70098C63F /* Preview Content */,
			);
			path = GuessTheFlag;
			sourceTree = "<group>";
		};
		6B9C6E5B247A19A70098C63F /* Preview Content */ = {
			isa = PBXGroup;
			children = (
				6B9C6E5C247A19A70098C63F /* Preview Assets.xcassets */,
			);
			path = "Preview Content";
			sourceTree = "<group>";
		};
		6B9C6E69247A19A70098C63F /* GuessTheFlagTests */ = {
			isa = PBXGroup;
			children = (
				6B9C6E6A247A19A70098C63F /* GuessTheFlagTests.swift */,
				6B9C6E6C247A19A70098C63F /* Info.plist */,
			);
			path = GuessTheFlagTests;
			sourceTree = "<group>";
		};
		6B9C6E74247A19A70098C63F /* GuessTheFlagUITests */ = {
			isa = PBXGroup;
			children = (
				6B9C6E75247A19A70098C63F /* GuessTheFlagUITests.swift */,
				6B9C6E77247A19A70098C63F /* Info.plist */,
			);
			path = GuessTheFlagUITests;
			sourceTree = "<group>";
		};
/* End PBXGroup section */

/* Begin PBXNativeTarget section */
		6B9C6E4C247A19A50098C63F /* GuessTheFlag */ = {
			isa = PBXNativeTarget;
			buildConfigurationList = 6B9C6E7A247A19A80098C63F /* Build configuration list for PBXNativeTarget "GuessTheFlag" */;
			buildPhases = (
				6B9C6E49247A19A50098C63F /* Sources */,
				6B9C6E4A247A19A50098C63F /* Frameworks */,
				6B9C6E4B247A19A50098C63F /* Resources */,
			);
			buildRules = (
			);
			dependencies = (
			);
			name = GuessTheFlag;
			productName = GuessTheFlag;
			productReference = 6B9C6E4D247A19A50098C63F /* GuessTheFlag.app */;
			productType = "com.apple.product-type.application";
		};
		6B9C6E65247A19A70098C63F /* GuessTheFlagTests */ = {
			isa = PBXNativeTarget;
			buildConfigurationList = 6B9C6E7D247A19A80098C63F /* Build configuration list for PBXNativeTarget "GuessTheFlagTests" */;
			buildPhases = (
				6B9C6E62247A19A70098C63F /* Sources */,
				6B9C6E63247A19A70098C63F /* Frameworks */,
				6B9C6E64247A19A70098C63F /* Resources */,
			);
			buildRules = (
			);
			dependencies = (
				6B9C6E68247A19A70098C63F /* PBXTargetDependency */,
			);
			name = GuessTheFlagTests;
			productName = GuessTheFlagTests;
			productReference = 6B9C6E66247A19A70098C63F /* GuessTheFlagTests.xctest */;
			productType = "com.apple.product-type.bundle.unit-test";
		};
		6B9C6E70247A19A70098C63F /* GuessTheFlagUITests */ = {
			isa = PBXNativeTarget;
			buildConfigurationList = 6B9C6E80247A19A80098C63F /* Build configuration list for PBXNativeTarget "GuessTheFlagUITests" */;
			buildPhases = (
				6B9C6E6D247A19A70098C63F /* Sources */,
				6B9C6E6E247A19A70098C63F /* Frameworks */,
				6B9C6E6F247A19A70098C63F /* Resources */,
			);
			buildRules = (
			);
			dependencies = (
				6B9C6E73247A19A70098C63F /* PBXTargetDependency */,
			);
			name = GuessTheFlagUITests;
			productName = GuessTheFlagUITests;
			productReference = 6B9C6E71247A19A70098C63F /* GuessTheFlagUITests.xctest */;
			productType = "com.apple.product-type.bundle.ui-testing";
		};
/* End PBXNativeTarget section */

/* Begin PBXProject section */
		6B9C6E45247A19A50098C63F /* Project object */ = {
			isa = PBXProject;
			attributes = {
				LastSwiftUpdateCheck = 1150;
				LastUpgradeCheck = 1150;
				ORGANIZATIONNAME = "nitish nayak n";
				TargetAttributes = {
					6B9C6E4C247A19A50098C63F = {
						CreatedOnToolsVersion = 11.5;
					};
					6B9C6E65247A19A70098C63F = {
						CreatedOnToolsVersion = 11.5;
						TestTargetID = 6B9C6E4C247A19A50098C63F;
					};
					6B9C6E70247A19A70098C63F = {
						CreatedOnToolsVersion = 11.5;
						TestTargetID = 6B9C6E4C247A19A50098C63F;
					};
				};
			};
			buildConfigurationList = 6B9C6E48247A19A50098C63F /* Build configuration list for PBXProject "GuessTheFlag" */;
			compatibilityVersion = "Xcode 9.3";
			developmentRegion = en;
			hasScannedForEncodings = 0;
			knownRegions = (
				en,
				Base,
			);
			mainGroup = 6B9C6E44247A19A50098C63F;
			productRefGroup = 6B9C6E4E247A19A50098C63F /* Products */;
			projectDirPath = "";
			projectRoot = "";
			targets = (
				6B9C6E4C247A19A50098C63F /* GuessTheFlag */,
				6B9C6E65247A19A70098C63F /* GuessTheFlagTests */,
				6B9C6E70247A19A70098C63F /* GuessTheFlagUITests */,
			);
		};
/* End PBXProject section */

/* Begin PBXResourcesBuildPhase section */
		6B9C6E4B247A19A50098C63F /* Resources */ = {
			isa = PBXResourcesBuildPhase;
			buildActionMask = 2147483647;
			files = (
				6B9C6E60247A19A70098C63F /* LaunchScreen.storyboard in Resources */,
				6B9C6E5D247A19A70098C63F /* Preview Assets.xcassets in Resources */,
				6B9C6E5A247A19A70098C63F /* Assets.xcassets in Resources */,
			);
			runOnlyForDeploymentPostprocessing = 0;
		};
		6B9C6E64247A19A70098C63F /* Resources */ = {
			isa = PBXResourcesBuildPhase;
			buildActionMask = 2147483647;
			files = (
			);
			runOnlyForDeploymentPostprocessing = 0;
		};
		6B9C6E6F247A19A70098C63F /* Resources */ = {
			isa = PBXResourcesBuildPhase;
			buildActionMask = 2147483647;
			files = (
			);
			runOnlyForDeploymentPostprocessing = 0;
		};
/* End PBXResourcesBuildPhase section */

/* Begin PBXSourcesBuildPhase section */
		6B9C6E49247A19A50098C63F /* Sources */ = {
			isa = PBXSourcesBuildPhase;
			buildActionMask = 2147483647;
			files = (
				6B9C6E56247A19A50098C63F /* GuessTheFlag.xcdatamodeld in Sources */,
				6B9C6E51247A19A50098C63F /* AppDelegate.swift in Sources */,
				6B9C6E58247A19A50098C63F /* ContentView.swift in Sources */,
				6B9C6E53247A19A50098C63F /* SceneDelegate.swift in Sources */,
			);
			runOnlyForDeploymentPostprocessing = 0;
		};
		6B9C6E62247A19A70098C63F /* Sources */ = {
			isa = PBXSourcesBuildPhase;
			buildActionMask = 2147483647;
			files = (
				6B9C6E6B247A19A70098C63F /* GuessTheFlagTests.swift in Sources */,
			);
			runOnlyForDeploymentPostprocessing = 0;
		};
		6B9C6E6D247A19A70098C63F /* Sources */ = {
			isa = PBXSourcesBuildPhase;
			buildActionMask = 2147483647;
			files = (
				6B9C6E76247A19A70098C63F /* GuessTheFlagUITests.swift in Sources */,
			);
			runOnlyForDeploymentPostprocessing = 0;
		};
/* End PBXSourcesBuildPhase section */

/* Begin PBXTargetDependency section */
		6B9C6E68247A19A70098C63F /* PBXTargetDependency */ = {
			isa = PBXTargetDependency;
			target = 6B9C6E4C247A19A50098C63F /* GuessTheFlag */;
			targetProxy = 6B9C6E67247A19A70098C63F /* PBXContainerItemProxy */;
		};
		6B9C6E73247A19A70098C63F /* PBXTargetDependency */ = {
			isa = PBXTargetDependency;
			target = 6B9C6E4C247A19A50098C63F /* GuessTheFlag */;
			targetProxy = 6B9C6E72247A19A70098C63F /* PBXContainerItemProxy */;
		};
/* End PBXTargetDependency section */

/* Begin PBXVariantGroup section */
		6B9C6E5E247A19A70098C63F /* LaunchScreen.storyboard */ = {
			isa = PBXVariantGroup;
			children = (
				6B9C6E5F247A19A70098C63F /* Base */,
			);
			name = LaunchScreen.storyboard;
			sourceTree = "<group>";
		};
/* End PBXVariantGroup section */

/* Begin XCBuildConfiguration section */
		6B9C6E78247A19A80098C63F /* Debug */ = {
			isa = XCBuildConfiguration;
			buildSettings = {
				ALWAYS_SEARCH_USER_PATHS = NO;
				CLANG_ANALYZER_NONNULL = YES;
				CLANG_ANALYZER_NUMBER_OBJECT_CONVERSION = YES_AGGRESSIVE;
				CLANG_CXX_LANGUAGE_STANDARD = "gnu++14";
				CLANG_CXX_LIBRARY = "libc++";
				CLANG_ENABLE_MODULES = YES;
				CLANG_ENABLE_OBJC_ARC = YES;
				CLANG_ENABLE_OBJC_WEAK = YES;
				CLANG_WARN_BLOCK_CAPTURE_AUTORELEASING = YES;
				CLANG_WARN_BOOL_CONVERSION = YES;
				CLANG_WARN_COMMA = YES;
				CLANG_WARN_CONSTANT_CONVERSION = YES;
				CLANG_WARN_DEPRECATED_OBJC_IMPLEMENTATIONS = YES;
				CLANG_WARN_DIRECT_OBJC_ISA_USAGE = YES_ERROR;
				CLANG_WARN_DOCUMENTATION_COMMENTS = YES;
				CLANG_WARN_EMPTY_BODY = YES;
				CLANG_WARN_ENUM_CONVERSION = YES;
				CLANG_WARN_INFINITE_RECURSION = YES;
				CLANG_WARN_INT_CONVERSION = YES;
				CLANG_WARN_NON_LITERAL_NULL_CONVERSION = YES;
				CLANG_WARN_OBJC_IMPLICIT_RETAIN_SELF = YES;
				CLANG_WARN_OBJC_LITERAL_CONVERSION = YES;
				CLANG_WARN_OBJC_ROOT_CLASS = YES_ERROR;
				CLANG_WARN_RANGE_LOOP_ANALYSIS = YES;
				CLANG_WARN_STRICT_PROTOTYPES = YES;
				CLANG_WARN_SUSPICIOUS_MOVE = YES;
				CLANG_WARN_UNGUARDED_AVAILABILITY = YES_AGGRESSIVE;
				CLANG_WARN_UNREACHABLE_CODE = YES;
				CLANG_WARN__DUPLICATE_METHOD_MATCH = YES;
				COPY_PHASE_STRIP = NO;
				DEBUG_INFORMATION_FORMAT = dwarf;
				ENABLE_STRICT_OBJC_MSGSEND = YES;
				ENABLE_TESTABILITY = YES;
				GCC_C_LANGUAGE_STANDARD = gnu11;
				GCC_DYNAMIC_NO_PIC = NO;
				GCC_NO_COMMON_BLOCKS = YES;
				GCC_OPTIMIZATION_LEVEL = 0;
				GCC_PREPROCESSOR_DEFINITIONS = (
					"DEBUG=1",
					"$(inherited)",
				);
				GCC_WARN_64_TO_32_BIT_CONVERSION = YES;
				GCC_WARN_ABOUT_RETURN_TYPE = YES_ERROR;
				GCC_WARN_UNDECLARED_SELECTOR = YES;
				GCC_WARN_UNINITIALIZED_AUTOS = YES_AGGRESSIVE;
				GCC_WARN_UNUSED_FUNCTION = YES;
				GCC_WARN_UNUSED_VARIABLE = YES;
				IPHONEOS_DEPLOYMENT_TARGET = 13.5;
				MTL_ENABLE_DEBUG_INFO = INCLUDE_SOURCE;
				MTL_FAST_MATH = YES;
				ONLY_ACTIVE_ARCH = YES;
				SDKROOT = iphoneos;
				SWIFT_ACTIVE_COMPILATION_CONDITIONS = DEBUG;
				SWIFT_OPTIMIZATION_LEVEL = "-Onone";
			};
			name = Debug;
		};
		6B9C6E79247A19A80098C63F /* Release */ = {
			isa = XCBuildConfiguration;
			buildSettings = {
				ALWAYS_SEARCH_USER_PATHS = NO;
				CLANG_ANALYZER_NONNULL = YES;
				CLANG_ANALYZER_NUMBER_OBJECT_CONVERSION = YES_AGGRESSIVE;
				CLANG_CXX_LANGUAGE_STANDARD = "gnu++14";
				CLANG_CXX_LIBRARY = "libc++";
				CLANG_ENABLE_MODULES = YES;
				CLANG_ENABLE_OBJC_ARC = YES;
				CLANG_ENABLE_OBJC_WEAK = YES;
				CLANG_WARN_BLOCK_CAPTURE_AUTORELEASING = YES;
				CLANG_WARN_BOOL_CONVERSION = YES;
				CLANG_WARN_COMMA = YES;
				CLANG_WARN_CONSTANT_CONVERSION = YES;
				CLANG_WARN_DEPRECATED_OBJC_IMPLEMENTATIONS = YES;
				CLANG_WARN_DIRECT_OBJC_ISA_USAGE = YES_ERROR;
				CLANG_WARN_DOCUMENTATION_COMMENTS = YES;
				CLANG_WARN_EMPTY_BODY = YES;
				CLANG_WARN_ENUM_CONVERSION = YES;
				CLANG_WARN_INFINITE_RECURSION = YES;
				CLANG_WARN_INT_CONVERSION = YES;
				CLANG_WARN_NON_LITERAL_NULL_CONVERSION = YES;
				CLANG_WARN_OBJC_IMPLICIT_RETAIN_SELF = YES;
				CLANG_WARN_OBJC_LITERAL_CONVERSION = YES;
				CLANG_WARN_OBJC_ROOT_CLASS = YES_ERROR;
				CLANG_WARN_RANGE_LOOP_ANALYSIS = YES;
				CLANG_WARN_STRICT_PROTOTYPES = YES;
				CLANG_WARN_SUSPICIOUS_MOVE = YES;
				CLANG_WARN_UNGUARDED_AVAILABILITY = YES_AGGRESSIVE;
				CLANG_WARN_UNREACHABLE_CODE = YES;
				CLANG_WARN__DUPLICATE_METHOD_MATCH = YES;
				COPY_PHASE_STRIP = NO;
				DEBUG_INFORMATION_FORMAT = "dwarf-with-dsym";
				ENABLE_NS_ASSERTIONS = NO;
				ENABLE_STRICT_OBJC_MSGSEND = YES;
				GCC_C_LANGUAGE_STANDARD = gnu11;
				GCC_NO_COMMON_BLOCKS = YES;
				GCC_WARN_64_TO_32_BIT_CONVERSION = YES;
				GCC_WARN_ABOUT_RETURN_TYPE = YES_ERROR;
				GCC_WARN_UNDECLARED_SELECTOR = YES;
				GCC_WARN_UNINITIALIZED_AUTOS = YES_AGGRESSIVE;
				GCC_WARN_UNUSED_FUNCTION = YES;
				GCC_WARN_UNUSED_VARIABLE = YES;
				IPHONEOS_DEPLOYMENT_TARGET = 13.5;
				MTL_ENABLE_DEBUG_INFO = NO;
				MTL_FAST_MATH = YES;
				SDKROOT = iphoneos;
				SWIFT_COMPILATION_MODE = wholemodule;
				SWIFT_OPTIMIZATION_LEVEL = "-O";
				VALIDATE_PRODUCT = YES;
			};
			name = Release;
		};
		6B9C6E7B247A19A80098C63F /* Debug */ = {
			isa = XCBuildConfiguration;
			buildSettings = {
				ASSETCATALOG_COMPILER_APPICON_NAME = AppIcon;
				CODE_SIGN_STYLE = Automatic;
				DEVELOPMENT_ASSET_PATHS = "\"GuessTheFlag/Preview Content\"";
				DEVELOPMENT_TEAM = 2938BPR52K;
				ENABLE_PREVIEWS = YES;
				INFOPLIST_FILE = GuessTheFlag/Info.plist;
				LD_RUNPATH_SEARCH_PATHS = (
					"$(inherited)",
					"@executable_path/Frameworks",
				);
				PRODUCT_BUNDLE_IDENTIFIER = FANTU.GuessTheFlag;
				PRODUCT_NAME = "$(TARGET_NAME)";
				SWIFT_VERSION = 5.0;
				TARGETED_DEVICE_FAMILY = "1,2";
			};
			name = Debug;
		};
		6B9C6E7C247A19A80098C63F /* Release */ = {
			isa = XCBuildConfiguration;
			buildSettings = {
				ASSETCATALOG_COMPILER_APPICON_NAME = AppIcon;
				CODE_SIGN_STYLE = Automatic;
				DEVELOPMENT_ASSET_PATHS = "\"GuessTheFlag/Preview Content\"";
				DEVELOPMENT_TEAM = 2938BPR52K;
				ENABLE_PREVIEWS = YES;
				INFOPLIST_FILE = GuessTheFlag/Info.plist;
				LD_RUNPATH_SEARCH_PATHS = (
					"$(inherited)",
					"@executable_path/Frameworks",
				);
				PRODUCT_BUNDLE_IDENTIFIER = FANTU.GuessTheFlag;
				PRODUCT_NAME = "$(TARGET_NAME)";
				SWIFT_VERSION = 5.0;
				TARGETED_DEVICE_FAMILY = "1,2";
			};
			name = Release;
		};
		6B9C6E7E247A19A80098C63F /* Debug */ = {
			isa = XCBuildConfiguration;
			buildSettings = {
				ALWAYS_EMBED_SWIFT_STANDARD_LIBRARIES = YES;
				BUNDLE_LOADER = "$(TEST_HOST)";
				CODE_SIGN_STYLE = Automatic;
				DEVELOPMENT_TEAM = 2938BPR52K;
				INFOPLIST_FILE = GuessTheFlagTests/Info.plist;
				IPHONEOS_DEPLOYMENT_TARGET = 13.5;
				LD_RUNPATH_SEARCH_PATHS = (
					"$(inherited)",
					"@executable_path/Frameworks",
					"@loader_path/Frameworks",
				);
				PRODUCT_BUNDLE_IDENTIFIER = FANTU.GuessTheFlagTests;
				PRODUCT_NAME = "$(TARGET_NAME)";
				SWIFT_VERSION = 5.0;
				TARGETED_DEVICE_FAMILY = "1,2";
				TEST_HOST = "$(BUILT_PRODUCTS_DIR)/GuessTheFlag.app/GuessTheFlag";
			};
			name = Debug;
		};
		6B9C6E7F247A19A80098C63F /* Release */ = {
			isa = XCBuildConfiguration;
			buildSettings = {
				ALWAYS_EMBED_SWIFT_STANDARD_LIBRARIES = YES;
				BUNDLE_LOADER = "$(TEST_HOST)";
				CODE_SIGN_STYLE = Automatic;
				DEVELOPMENT_TEAM = 2938BPR52K;
				INFOPLIST_FILE = GuessTheFlagTests/Info.plist;
				IPHONEOS_DEPLOYMENT_TARGET = 13.5;
				LD_RUNPATH_SEARCH_PATHS = (
					"$(inherited)",
					"@executable_path/Frameworks",
					"@loader_path/Frameworks",
				);
				PRODUCT_BUNDLE_IDENTIFIER = FANTU.GuessTheFlagTests;
				PRODUCT_NAME = "$(TARGET_NAME)";
				SWIFT_VERSION = 5.0;
				TARGETED_DEVICE_FAMILY = "1,2";
				TEST_HOST = "$(BUILT_PRODUCTS_DIR)/GuessTheFlag.app/GuessTheFlag";
			};
			name = Release;
		};
		6B9C6E81247A19A80098C63F /* Debug */ = {
			isa = XCBuildConfiguration;
			buildSettings = {
				ALWAYS_EMBED_SWIFT_STANDARD_LIBRARIES = YES;
				CODE_SIGN_STYLE = Automatic;
				DEVELOPMENT_TEAM = 2938BPR52K;
				INFOPLIST_FILE = GuessTheFlagUITests/Info.plist;
				LD_RUNPATH_SEARCH_PATHS = (
					"$(inherited)",
					"@executable_path/Frameworks",
					"@loader_path/Frameworks",
				);
				PRODUCT_BUNDLE_IDENTIFIER = FANTU.GuessTheFlagUITests;
				PRODUCT_NAME = "$(TARGET_NAME)";
				SWIFT_VERSION = 5.0;
				TARGETED_DEVICE_FAMILY = "1,2";
				TEST_TARGET_NAME = GuessTheFlag;
			};
			name = Debug;
		};
		6B9C6E82247A19A80098C63F /* Release */ = {
			isa = XCBuildConfiguration;
			buildSettings = {
				ALWAYS_EMBED_SWIFT_STANDARD_LIBRARIES = YES;
				CODE_SIGN_STYLE = Automatic;
				DEVELOPMENT_TEAM = 2938BPR52K;
				INFOPLIST_FILE = GuessTheFlagUITests/Info.plist;
				LD_RUNPATH_SEARCH_PATHS = (
					"$(inherited)",
					"@executable_path/Frameworks",
					"@loader_path/Frameworks",
				);
				PRODUCT_BUNDLE_IDENTIFIER = FANTU.GuessTheFlagUITests;
				PRODUCT_NAME = "$(TARGET_NAME)";
				SWIFT_VERSION = 5.0;
				TARGETED_DEVICE_FAMILY = "1,2";
				TEST_TARGET_NAME = GuessTheFlag;
			};
			name = Release;
		};
/* End XCBuildConfiguration section */

/* Begin XCConfigurationList section */
		6B9C6E48247A19A50098C63F /* Build configuration list for PBXProject "GuessTheFlag" */ = {
			isa = XCConfigurationList;
			buildConfigurations = (
				6B9C6E78247A19A80098C63F /* Debug */,
				6B9C6E79247A19A80098C63F /* Release */,
			);
			defaultConfigurationIsVisible = 0;
			defaultConfigurationName = Release;
		};
		6B9C6E7A247A19A80098C63F /* Build configuration list for PBXNativeTarget "GuessTheFlag" */ = {
			isa = XCConfigurationList;
			buildConfigurations = (
				6B9C6E7B247A19A80098C63F /* Debug */,
				6B9C6E7C247A19A80098C63F /* Release */,
			);
			defaultConfigurationIsVisible = 0;
			defaultConfigurationName = Release;
		};
		6B9C6E7D247A19A80098C63F /* Build configuration list for PBXNativeTarget "GuessTheFlagTests" */ = {
			isa = XCConfigurationList;
			buildConfigurations = (
				6B9C6E7E247A19A80098C63F /* Debug */,
				6B9C6E7F247A19A80098C63F /* Release */,
			);
			defaultConfigurationIsVisible = 0;
			defaultConfigurationName = Release;
		};
		6B9C6E80247A19A80098C63F /* Build configuration list for PBXNativeTarget "GuessTheFlagUITests" */ = {
			isa = XCConfigurationList;
			buildConfigurations = (
				6B9C6E81247A19A80098C63F /* Debug */,
				6B9C6E82247A19A80098C63F /* Release */,
			);
			defaultConfigurationIsVisible = 0;
			defaultConfigurationName = Release;
		};
/* End XCConfigurationList section */

/* Begin XCVersionGroup section */
		6B9C6E54247A19A50098C63F /* GuessTheFlag.xcdatamodeld */ = {
			isa = XCVersionGroup;
			children = (
				6B9C6E55247A19A50098C63F /* GuessTheFlag.xcdatamodel */,
			);
			currentVersion = 6B9C6E55247A19A50098C63F /* GuessTheFlag.xcdatamodel */;
			path = GuessTheFlag.xcdatamodeld;
			sourceTree = "<group>";
			versionGroupType = wrapper.xcdatamodel;
		};
/* End XCVersionGroup section */
	};
	rootObject = 6B9C6E45247A19A50098C63F /* Project object */;
}
